// !$*UTF8*$!
{
	archiveVersion = 1;
	classes = {
	};
	objectVersion = 56;
	objects = {

/* Begin PBXBuildFile section */
		4E7F510B2A85121200912D80 /* MyAssetApp.swift in Sources */ = {isa = PBXBuildFile; fileRef = 4E7F510A2A85121200912D80 /* MyAssetApp.swift */; };
		4E7F510D2A85121200912D80 /* ContentView.swift in Sources */ = {isa = PBXBuildFile; fileRef = 4E7F510C2A85121200912D80 /* ContentView.swift */; };
		4E7F510F2A85121400912D80 /* Assets.xcassets in Resources */ = {isa = PBXBuildFile; fileRef = 4E7F510E2A85121400912D80 /* Assets.xcassets */; };
		4E7F51122A85121400912D80 /* Preview Assets.xcassets in Resources */ = {isa = PBXBuildFile; fileRef = 4E7F51112A85121400912D80 /* Preview Assets.xcassets */; };
		4E7F51192A8516CB00912D80 /* NavigationBarWithButton.swift in Sources */ = {isa = PBXBuildFile; fileRef = 4E7F51182A8516CB00912D80 /* NavigationBarWithButton.swift */; };
		4E7F511B2A85238200912D80 /* AssetMenu.swift in Sources */ = {isa = PBXBuildFile; fileRef = 4E7F511A2A85238200912D80 /* AssetMenu.swift */; };
		4E7F511D2A85258800912D80 /* AssetMenuButtonStyle.swift in Sources */ = {isa = PBXBuildFile; fileRef = 4E7F511C2A85258800912D80 /* AssetMenuButtonStyle.swift */; };
		4E7F511F2A85279500912D80 /* AssetMenuGridView.swift in Sources */ = {isa = PBXBuildFile; fileRef = 4E7F511E2A85279500912D80 /* AssetMenuGridView.swift */; };
		4E7F51212A85289900912D80 /* AssetView.swift in Sources */ = {isa = PBXBuildFile; fileRef = 4E7F51202A85289900912D80 /* AssetView.swift */; };
		4E7F51252A8674C900912D80 /* AssetBanner.swift in Sources */ = {isa = PBXBuildFile; fileRef = 4E7F51242A8674C900912D80 /* AssetBanner.swift */; };
		4E7F51282A86756800912D80 /* BannerCard.swift in Sources */ = {isa = PBXBuildFile; fileRef = 4E7F51272A86756800912D80 /* BannerCard.swift */; };
		4E7F512B2A86775900912D80 /* PageViewController.swift in Sources */ = {isa = PBXBuildFile; fileRef = 4E7F512A2A86775900912D80 /* PageViewController.swift */; };
		4E7F512D2A867B6A00912D80 /* PageControl.swift in Sources */ = {isa = PBXBuildFile; fileRef = 4E7F512C2A867B6A00912D80 /* PageControl.swift */; };
		4E7F512F2A86841500912D80 /* AssetBannerView.swift in Sources */ = {isa = PBXBuildFile; fileRef = 4E7F512E2A86841500912D80 /* AssetBannerView.swift */; };
		4E7F51352A877E5300912D80 /* Asset.swift in Sources */ = {isa = PBXBuildFile; fileRef = 4E7F51342A877E5300912D80 /* Asset.swift */; };
		4E7F51372A87803000912D80 /* AssetSummaryData.swift in Sources */ = {isa = PBXBuildFile; fileRef = 4E7F51362A87803000912D80 /* AssetSummaryData.swift */; };
		4E7F51392A8784CA00912D80 /* AssetSectionHeaderView.swift in Sources */ = {isa = PBXBuildFile; fileRef = 4E7F51382A8784CA00912D80 /* AssetSectionHeaderView.swift */; };
		4E7F513B2A87863B00912D80 /* AssetSectionView.swift in Sources */ = {isa = PBXBuildFile; fileRef = 4E7F513A2A87863B00912D80 /* AssetSectionView.swift */; };
		4E7F513D2A87886A00912D80 /* AssetSummaryView.swift in Sources */ = {isa = PBXBuildFile; fileRef = 4E7F513C2A87886A00912D80 /* AssetSummaryView.swift */; };
		4E7F51412A87DCAB00912D80 /* TabMenuView.swift in Sources */ = {isa = PBXBuildFile; fileRef = 4E7F51402A87DCAB00912D80 /* TabMenuView.swift */; };
		4E7F51432A87E24700912D80 /* AssetCardSectionView.swift in Sources */ = {isa = PBXBuildFile; fileRef = 4E7F51422A87E24700912D80 /* AssetCardSectionView.swift */; };
/* End PBXBuildFile section */

/* Begin PBXFileReference section */
		4E7F51072A85121200912D80 /* MyAsset.app */ = {isa = PBXFileReference; explicitFileType = wrapper.application; includeInIndex = 0; path = MyAsset.app; sourceTree = BUILT_PRODUCTS_DIR; };
		4E7F510A2A85121200912D80 /* MyAssetApp.swift */ = {isa = PBXFileReference; lastKnownFileType = sourcecode.swift; path = MyAssetApp.swift; sourceTree = "<group>"; };
		4E7F510C2A85121200912D80 /* ContentView.swift */ = {isa = PBXFileReference; lastKnownFileType = sourcecode.swift; path = ContentView.swift; sourceTree = "<group>"; };
		4E7F510E2A85121400912D80 /* Assets.xcassets */ = {isa = PBXFileReference; lastKnownFileType = folder.assetcatalog; path = Assets.xcassets; sourceTree = "<group>"; };
		4E7F51112A85121400912D80 /* Preview Assets.xcassets */ = {isa = PBXFileReference; lastKnownFileType = folder.assetcatalog; path = "Preview Assets.xcassets"; sourceTree = "<group>"; };
		4E7F51182A8516CB00912D80 /* NavigationBarWithButton.swift */ = {isa = PBXFileReference; lastKnownFileType = sourcecode.swift; path = NavigationBarWithButton.swift; sourceTree = "<group>"; };
		4E7F511A2A85238200912D80 /* AssetMenu.swift */ = {isa = PBXFileReference; lastKnownFileType = sourcecode.swift; path = AssetMenu.swift; sourceTree = "<group>"; };
		4E7F511C2A85258800912D80 /* AssetMenuButtonStyle.swift */ = {isa = PBXFileReference; lastKnownFileType = sourcecode.swift; path = AssetMenuButtonStyle.swift; sourceTree = "<group>"; };
		4E7F511E2A85279500912D80 /* AssetMenuGridView.swift */ = {isa = PBXFileReference; lastKnownFileType = sourcecode.swift; path = AssetMenuGridView.swift; sourceTree = "<group>"; };
		4E7F51202A85289900912D80 /* AssetView.swift */ = {isa = PBXFileReference; lastKnownFileType = sourcecode.swift; path = AssetView.swift; sourceTree = "<group>"; };
		4E7F51242A8674C900912D80 /* AssetBanner.swift */ = {isa = PBXFileReference; lastKnownFileType = sourcecode.swift; path = AssetBanner.swift; sourceTree = "<group>"; };
		4E7F51272A86756800912D80 /* BannerCard.swift */ = {isa = PBXFileReference; lastKnownFileType = sourcecode.swift; path = BannerCard.swift; sourceTree = "<group>"; };
		4E7F512A2A86775900912D80 /* PageViewController.swift */ = {isa = PBXFileReference; lastKnownFileType = sourcecode.swift; path = PageViewController.swift; sourceTree = "<group>"; };
		4E7F512C2A867B6A00912D80 /* PageControl.swift */ = {isa = PBXFileReference; lastKnownFileType = sourcecode.swift; path = PageControl.swift; sourceTree = "<group>"; };
		4E7F512E2A86841500912D80 /* AssetBannerView.swift */ = {isa = PBXFileReference; lastKnownFileType = sourcecode.swift; path = AssetBannerView.swift; sourceTree = "<group>"; };
		4E7F51332A877E0800912D80 /* assets.json */ = {isa = PBXFileReference; lastKnownFileType = text.json; path = assets.json; sourceTree = "<group>"; };
		4E7F51342A877E5300912D80 /* Asset.swift */ = {isa = PBXFileReference; lastKnownFileType = sourcecode.swift; path = Asset.swift; sourceTree = "<group>"; };
		4E7F51362A87803000912D80 /* AssetSummaryData.swift */ = {isa = PBXFileReference; lastKnownFileType = sourcecode.swift; path = AssetSummaryData.swift; sourceTree = "<group>"; };
		4E7F51382A8784CA00912D80 /* AssetSectionHeaderView.swift */ = {isa = PBXFileReference; lastKnownFileType = sourcecode.swift; path = AssetSectionHeaderView.swift; sourceTree = "<group>"; };
		4E7F513A2A87863B00912D80 /* AssetSectionView.swift */ = {isa = PBXFileReference; lastKnownFileType = sourcecode.swift; path = AssetSectionView.swift; sourceTree = "<group>"; };
		4E7F513C2A87886A00912D80 /* AssetSummaryView.swift */ = {isa = PBXFileReference; lastKnownFileType = sourcecode.swift; path = AssetSummaryView.swift; sourceTree = "<group>"; };
		4E7F51402A87DCAB00912D80 /* TabMenuView.swift */ = {isa = PBXFileReference; lastKnownFileType = sourcecode.swift; path = TabMenuView.swift; sourceTree = "<group>"; };
		4E7F51422A87E24700912D80 /* AssetCardSectionView.swift */ = {isa = PBXFileReference; lastKnownFileType = sourcecode.swift; path = AssetCardSectionView.swift; sourceTree = "<group>"; };
/* End PBXFileReference section */

/* Begin PBXFrameworksBuildPhase section */
		4E7F51042A85121200912D80 /* Frameworks */ = {
			isa = PBXFrameworksBuildPhase;
			buildActionMask = 2147483647;
			files = (
			);
			runOnlyForDeploymentPostprocessing = 0;
		};
/* End PBXFrameworksBuildPhase section */

/* Begin PBXGroup section */
		4E7F50FE2A85121200912D80 = {
			isa = PBXGroup;
			children = (
				4E7F51092A85121200912D80 /* MyAsset */,
				4E7F51082A85121200912D80 /* Products */,
			);
			sourceTree = "<group>";
		};
		4E7F51082A85121200912D80 /* Products */ = {
			isa = PBXGroup;
			children = (
				4E7F51072A85121200912D80 /* MyAsset.app */,
			);
			name = Products;
			sourceTree = "<group>";
		};
		4E7F51092A85121200912D80 /* MyAsset */ = {
			isa = PBXGroup;
			children = (
				4E7F513F2A8789AC00912D80 /* AssetSummaryView */,
				4E7F510A2A85121200912D80 /* MyAssetApp.swift */,
				4E7F51402A87DCAB00912D80 /* TabMenuView.swift */,
				4E7F51422A87E24700912D80 /* AssetCardSectionView.swift */,
				4E7F510C2A85121200912D80 /* ContentView.swift */,
				4E7F51202A85289900912D80 /* AssetView.swift */,
				4E7F51262A8674F800912D80 /* Entities */,
				4E7F51302A86843800912D80 /* AssetBannerView */,
				4E7F51182A8516CB00912D80 /* NavigationBarWithButton.swift */,
				4E7F51292A86758A00912D80 /* AssetMenu */,
				4E7F510E2A85121400912D80 /* Assets.xcassets */,
				4E7F51332A877E0800912D80 /* assets.json */,
				4E7F51102A85121400912D80 /* Preview Content */,
			);
			path = MyAsset;
			sourceTree = "<group>";
		};
		4E7F51102A85121400912D80 /* Preview Content */ = {
			isa = PBXGroup;
			children = (
				4E7F51112A85121400912D80 /* Preview Assets.xcassets */,
			);
			path = "Preview Content";
			sourceTree = "<group>";
		};
		4E7F51262A8674F800912D80 /* Entities */ = {
			isa = PBXGroup;
			children = (
				4E7F51242A8674C900912D80 /* AssetBanner.swift */,
				4E7F511A2A85238200912D80 /* AssetMenu.swift */,
				4E7F51342A877E5300912D80 /* Asset.swift */,
			);
			path = Entities;
			sourceTree = "<group>";
		};
		4E7F51292A86758A00912D80 /* AssetMenu */ = {
			isa = PBXGroup;
			children = (
				4E7F511C2A85258800912D80 /* AssetMenuButtonStyle.swift */,
				4E7F511E2A85279500912D80 /* AssetMenuGridView.swift */,
			);
			path = AssetMenu;
			sourceTree = "<group>";
		};
		4E7F51302A86843800912D80 /* AssetBannerView */ = {
			isa = PBXGroup;
			children = (
				4E7F512E2A86841500912D80 /* AssetBannerView.swift */,
				4E7F51272A86756800912D80 /* BannerCard.swift */,
				4E7F512A2A86775900912D80 /* PageViewController.swift */,
				4E7F512C2A867B6A00912D80 /* PageControl.swift */,
			);
			path = AssetBannerView;
			sourceTree = "<group>";
		};
		4E7F513F2A8789AC00912D80 /* AssetSummaryView */ = {
			isa = PBXGroup;
			children = (
				4E7F51362A87803000912D80 /* AssetSummaryData.swift */,
				4E7F51382A8784CA00912D80 /* AssetSectionHeaderView.swift */,
				4E7F513A2A87863B00912D80 /* AssetSectionView.swift */,
				4E7F513C2A87886A00912D80 /* AssetSummaryView.swift */,
			);
			path = AssetSummaryView;
			sourceTree = "<group>";
		};
/* End PBXGroup section */

/* Begin PBXNativeTarget section */
		4E7F51062A85121200912D80 /* MyAsset */ = {
			isa = PBXNativeTarget;
			buildConfigurationList = 4E7F51152A85121400912D80 /* Build configuration list for PBXNativeTarget "MyAsset" */;
			buildPhases = (
				4E7F51032A85121200912D80 /* Sources */,
				4E7F51042A85121200912D80 /* Frameworks */,
				4E7F51052A85121200912D80 /* Resources */,
			);
			buildRules = (
			);
			dependencies = (
			);
			name = MyAsset;
			productName = MyAsset;
			productReference = 4E7F51072A85121200912D80 /* MyAsset.app */;
			productType = "com.apple.product-type.application";
		};
/* End PBXNativeTarget section */

/* Begin PBXProject section */
		4E7F50FF2A85121200912D80 /* Project object */ = {
			isa = PBXProject;
			attributes = {
				BuildIndependentTargetsInParallel = 1;
				LastSwiftUpdateCheck = 1430;
				LastUpgradeCheck = 1430;
				TargetAttributes = {
					4E7F51062A85121200912D80 = {
						CreatedOnToolsVersion = 14.3.1;
					};
				};
			};
			buildConfigurationList = 4E7F51022A85121200912D80 /* Build configuration list for PBXProject "MyAsset" */;
			compatibilityVersion = "Xcode 14.0";
			developmentRegion = en;
			hasScannedForEncodings = 0;
			knownRegions = (
				en,
				Base,
			);
			mainGroup = 4E7F50FE2A85121200912D80;
			productRefGroup = 4E7F51082A85121200912D80 /* Products */;
			projectDirPath = "";
			projectRoot = "";
			targets = (
				4E7F51062A85121200912D80 /* MyAsset */,
			);
		};
/* End PBXProject section */

/* Begin PBXResourcesBuildPhase section */
		4E7F51052A85121200912D80 /* Resources */ = {
			isa = PBXResourcesBuildPhase;
			buildActionMask = 2147483647;
			files = (
				4E7F51122A85121400912D80 /* Preview Assets.xcassets in Resources */,
				4E7F510F2A85121400912D80 /* Assets.xcassets in Resources */,
			);
			runOnlyForDeploymentPostprocessing = 0;
		};
/* End PBXResourcesBuildPhase section */

/* Begin PBXSourcesBuildPhase section */
		4E7F51032A85121200912D80 /* Sources */ = {
			isa = PBXSourcesBuildPhase;
			buildActionMask = 2147483647;
			files = (
				4E7F511F2A85279500912D80 /* AssetMenuGridView.swift in Sources */,
				4E7F513B2A87863B00912D80 /* AssetSectionView.swift in Sources */,
				4E7F51352A877E5300912D80 /* Asset.swift in Sources */,
				4E7F512B2A86775900912D80 /* PageViewController.swift in Sources */,
				4E7F51372A87803000912D80 /* AssetSummaryData.swift in Sources */,
				4E7F51392A8784CA00912D80 /* AssetSectionHeaderView.swift in Sources */,
				4E7F513D2A87886A00912D80 /* AssetSummaryView.swift in Sources */,
				4E7F51192A8516CB00912D80 /* NavigationBarWithButton.swift in Sources */,
				4E7F51252A8674C900912D80 /* AssetBanner.swift in Sources */,
				4E7F51212A85289900912D80 /* AssetView.swift in Sources */,
				4E7F510D2A85121200912D80 /* ContentView.swift in Sources */,
				4E7F51412A87DCAB00912D80 /* TabMenuView.swift in Sources */,
				4E7F510B2A85121200912D80 /* MyAssetApp.swift in Sources */,
				4E7F511B2A85238200912D80 /* AssetMenu.swift in Sources */,
				4E7F512D2A867B6A00912D80 /* PageControl.swift in Sources */,
				4E7F512F2A86841500912D80 /* AssetBannerView.swift in Sources */,
				4E7F51432A87E24700912D80 /* AssetCardSectionView.swift in Sources */,
				4E7F51282A86756800912D80 /* BannerCard.swift in Sources */,
				4E7F511D2A85258800912D80 /* AssetMenuButtonStyle.swift in Sources */,
			);
			runOnlyForDeploymentPostprocessing = 0;
		};
/* End PBXSourcesBuildPhase section */

/* Begin XCBuildConfiguration section */
		4E7F51132A85121400912D80 /* Debug */ = {
			isa = XCBuildConfiguration;
			buildSettings = {
				ALWAYS_SEARCH_USER_PATHS = NO;
				CLANG_ANALYZER_NONNULL = YES;
				CLANG_ANALYZER_NUMBER_OBJECT_CONVERSION = YES_AGGRESSIVE;
				CLANG_CXX_LANGUAGE_STANDARD = "gnu++20";
				CLANG_ENABLE_MODULES = YES;
				CLANG_ENABLE_OBJC_ARC = YES;
				CLANG_ENABLE_OBJC_WEAK = YES;
				CLANG_WARN_BLOCK_CAPTURE_AUTORELEASING = YES;
				CLANG_WARN_BOOL_CONVERSION = YES;
				CLANG_WARN_COMMA = YES;
				CLANG_WARN_CONSTANT_CONVERSION = YES;
				CLANG_WARN_DEPRECATED_OBJC_IMPLEMENTATIONS = YES;
				CLANG_WARN_DIRECT_OBJC_ISA_USAGE = YES_ERROR;
				CLANG_WARN_DOCUMENTATION_COMMENTS = YES;
				CLANG_WARN_EMPTY_BODY = YES;
				CLANG_WARN_ENUM_CONVERSION = YES;
				CLANG_WARN_INFINITE_RECURSION = YES;
				CLANG_WARN_INT_CONVERSION = YES;
				CLANG_WARN_NON_LITERAL_NULL_CONVERSION = YES;
				CLANG_WARN_OBJC_IMPLICIT_RETAIN_SELF = YES;
				CLANG_WARN_OBJC_LITERAL_CONVERSION = YES;
				CLANG_WARN_OBJC_ROOT_CLASS = YES_ERROR;
				CLANG_WARN_QUOTED_INCLUDE_IN_FRAMEWORK_HEADER = YES;
				CLANG_WARN_RANGE_LOOP_ANALYSIS = YES;
				CLANG_WARN_STRICT_PROTOTYPES = YES;
				CLANG_WARN_SUSPICIOUS_MOVE = YES;
				CLANG_WARN_UNGUARDED_AVAILABILITY = YES_AGGRESSIVE;
				CLANG_WARN_UNREACHABLE_CODE = YES;
				CLANG_WARN__DUPLICATE_METHOD_MATCH = YES;
				COPY_PHASE_STRIP = NO;
				DEBUG_INFORMATION_FORMAT = dwarf;
				ENABLE_STRICT_OBJC_MSGSEND = YES;
				ENABLE_TESTABILITY = YES;
				GCC_C_LANGUAGE_STANDARD = gnu11;
				GCC_DYNAMIC_NO_PIC = NO;
				GCC_NO_COMMON_BLOCKS = YES;
				GCC_OPTIMIZATION_LEVEL = 0;
				GCC_PREPROCESSOR_DEFINITIONS = (
					"DEBUG=1",
					"$(inherited)",
				);
				GCC_WARN_64_TO_32_BIT_CONVERSION = YES;
				GCC_WARN_ABOUT_RETURN_TYPE = YES_ERROR;
				GCC_WARN_UNDECLARED_SELECTOR = YES;
				GCC_WARN_UNINITIALIZED_AUTOS = YES_AGGRESSIVE;
				GCC_WARN_UNUSED_FUNCTION = YES;
				GCC_WARN_UNUSED_VARIABLE = YES;
				IPHONEOS_DEPLOYMENT_TARGET = 16.4;
				MTL_ENABLE_DEBUG_INFO = INCLUDE_SOURCE;
				MTL_FAST_MATH = YES;
				ONLY_ACTIVE_ARCH = YES;
				SDKROOT = iphoneos;
				SWIFT_ACTIVE_COMPILATION_CONDITIONS = DEBUG;
				SWIFT_OPTIMIZATION_LEVEL = "-Onone";
			};
			name = Debug;
		};
		4E7F51142A85121400912D80 /* Release */ = {
			isa = XCBuildConfiguration;
			buildSettings = {
				ALWAYS_SEARCH_USER_PATHS = NO;
				CLANG_ANALYZER_NONNULL = YES;
				CLANG_ANALYZER_NUMBER_OBJECT_CONVERSION = YES_AGGRESSIVE;
				CLANG_CXX_LANGUAGE_STANDARD = "gnu++20";
				CLANG_ENABLE_MODULES = YES;
				CLANG_ENABLE_OBJC_ARC = YES;
				CLANG_ENABLE_OBJC_WEAK = YES;
				CLANG_WARN_BLOCK_CAPTURE_AUTORELEASING = YES;
				CLANG_WARN_BOOL_CONVERSION = YES;
				CLANG_WARN_COMMA = YES;
				CLANG_WARN_CONSTANT_CONVERSION = YES;
				CLANG_WARN_DEPRECATED_OBJC_IMPLEMENTATIONS = YES;
				CLANG_WARN_DIRECT_OBJC_ISA_USAGE = YES_ERROR;
				CLANG_WARN_DOCUMENTATION_COMMENTS = YES;
				CLANG_WARN_EMPTY_BODY = YES;
				CLANG_WARN_ENUM_CONVERSION = YES;
				CLANG_WARN_INFINITE_RECURSION = YES;
				CLANG_WARN_INT_CONVERSION = YES;
				CLANG_WARN_NON_LITERAL_NULL_CONVERSION = YES;
				CLANG_WARN_OBJC_IMPLICIT_RETAIN_SELF = YES;
				CLANG_WARN_OBJC_LITERAL_CONVERSION = YES;
				CLANG_WARN_OBJC_ROOT_CLASS = YES_ERROR;
				CLANG_WARN_QUOTED_INCLUDE_IN_FRAMEWORK_HEADER = YES;
				CLANG_WARN_RANGE_LOOP_ANALYSIS = YES;
				CLANG_WARN_STRICT_PROTOTYPES = YES;
				CLANG_WARN_SUSPICIOUS_MOVE = YES;
				CLANG_WARN_UNGUARDED_AVAILABILITY = YES_AGGRESSIVE;
				CLANG_WARN_UNREACHABLE_CODE = YES;
				CLANG_WARN__DUPLICATE_METHOD_MATCH = YES;
				COPY_PHASE_STRIP = NO;
				DEBUG_INFORMATION_FORMAT = "dwarf-with-dsym";
				ENABLE_NS_ASSERTIONS = NO;
				ENABLE_STRICT_OBJC_MSGSEND = YES;
				GCC_C_LANGUAGE_STANDARD = gnu11;
				GCC_NO_COMMON_BLOCKS = YES;
				GCC_WARN_64_TO_32_BIT_CONVERSION = YES;
				GCC_WARN_ABOUT_RETURN_TYPE = YES_ERROR;
				GCC_WARN_UNDECLARED_SELECTOR = YES;
				GCC_WARN_UNINITIALIZED_AUTOS = YES_AGGRESSIVE;
				GCC_WARN_UNUSED_FUNCTION = YES;
				GCC_WARN_UNUSED_VARIABLE = YES;
				IPHONEOS_DEPLOYMENT_TARGET = 16.4;
				MTL_ENABLE_DEBUG_INFO = NO;
				MTL_FAST_MATH = YES;
				SDKROOT = iphoneos;
				SWIFT_COMPILATION_MODE = wholemodule;
				SWIFT_OPTIMIZATION_LEVEL = "-O";
				VALIDATE_PRODUCT = YES;
			};
			name = Release;
		};
		4E7F51162A85121400912D80 /* Debug */ = {
			isa = XCBuildConfiguration;
			buildSettings = {
				ASSETCATALOG_COMPILER_APPICON_NAME = AppIcon;
				ASSETCATALOG_COMPILER_GLOBAL_ACCENT_COLOR_NAME = AccentColor;
				CODE_SIGN_STYLE = Automatic;
				CURRENT_PROJECT_VERSION = 1;
				DEVELOPMENT_ASSET_PATHS = "\"MyAsset/Preview Content\"";
				ENABLE_PREVIEWS = YES;
				GENERATE_INFOPLIST_FILE = YES;
				INFOPLIST_KEY_UIApplicationSceneManifest_Generation = YES;
				INFOPLIST_KEY_UIApplicationSupportsIndirectInputEvents = YES;
				INFOPLIST_KEY_UILaunchScreen_Generation = YES;
				INFOPLIST_KEY_UISupportedInterfaceOrientations_iPad = "UIInterfaceOrientationPortrait UIInterfaceOrientationPortraitUpsideDown UIInterfaceOrientationLandscapeLeft UIInterfaceOrientationLandscapeRight";
				INFOPLIST_KEY_UISupportedInterfaceOrientations_iPhone = "UIInterfaceOrientationPortrait UIInterfaceOrientationLandscapeLeft UIInterfaceOrientationLandscapeRight";
				INFOPLIST_KEY_UIUserInterfaceStyle = Light;
				LD_RUNPATH_SEARCH_PATHS = (
					"$(inherited)",
					"@executable_path/Frameworks",
				);
				MARKETING_VERSION = 1.0;
				PRODUCT_BUNDLE_IDENTIFIER = Jin.MyAsset;
				PRODUCT_NAME = "$(TARGET_NAME)";
				SWIFT_EMIT_LOC_STRINGS = YES;
				SWIFT_VERSION = 5.0;
				TARGETED_DEVICE_FAMILY = "1,2";
			};
			name = Debug;
		};
		4E7F51172A85121400912D80 /* Release */ = {
			isa = XCBuildConfiguration;
			buildSettings = {
				ASSETCATALOG_COMPILER_APPICON_NAME = AppIcon;
				ASSETCATALOG_COMPILER_GLOBAL_ACCENT_COLOR_NAME = AccentColor;
				CODE_SIGN_STYLE = Automatic;
				CURRENT_PROJECT_VERSION = 1;
				DEVELOPMENT_ASSET_PATHS = "\"MyAsset/Preview Content\"";
				ENABLE_PREVIEWS = YES;
				GENERATE_INFOPLIST_FILE = YES;
				INFOPLIST_KEY_UIApplicationSceneManifest_Generation = YES;
				INFOPLIST_KEY_UIApplicationSupportsIndirectInputEvents = YES;
				INFOPLIST_KEY_UILaunchScreen_Generation = YES;
				INFOPLIST_KEY_UISupportedInterfaceOrientations_iPad = "UIInterfaceOrientationPortrait UIInterfaceOrientationPortraitUpsideDown UIInterfaceOrientationLandscapeLeft UIInterfaceOrientationLandscapeRight";
				INFOPLIST_KEY_UISupportedInterfaceOrientations_iPhone = "UIInterfaceOrientationPortrait UIInterfaceOrientationLandscapeLeft UIInterfaceOrientationLandscapeRight";
				INFOPLIST_KEY_UIUserInterfaceStyle = Light;
				LD_RUNPATH_SEARCH_PATHS = (
					"$(inherited)",
					"@executable_path/Frameworks",
				);
				MARKETING_VERSION = 1.0;
				PRODUCT_BUNDLE_IDENTIFIER = Jin.MyAsset;
				PRODUCT_NAME = "$(TARGET_NAME)";
				SWIFT_EMIT_LOC_STRINGS = YES;
				SWIFT_VERSION = 5.0;
				TARGETED_DEVICE_FAMILY = "1,2";
			};
			name = Release;
		};
/* End XCBuildConfiguration section */

/* Begin XCConfigurationList section */
		4E7F51022A85121200912D80 /* Build configuration list for PBXProject "MyAsset" */ = {
			isa = XCConfigurationList;
			buildConfigurations = (
				4E7F51132A85121400912D80 /* Debug */,
				4E7F51142A85121400912D80 /* Release */,
			);
			defaultConfigurationIsVisible = 0;
			defaultConfigurationName = Release;
		};
		4E7F51152A85121400912D80 /* Build configuration list for PBXNativeTarget "MyAsset" */ = {
			isa = XCConfigurationList;
			buildConfigurations = (
				4E7F51162A85121400912D80 /* Debug */,
				4E7F51172A85121400912D80 /* Release */,
			);
			defaultConfigurationIsVisible = 0;
			defaultConfigurationName = Release;
		};
/* End XCConfigurationList section */
	};
	rootObject = 4E7F50FF2A85121200912D80 /* Project object */;
}
